
Microsoft Visual Studio Solution File, Format Version 12.00
# Visual Studio Version 17
VisualStudioVersion = 17.1.32328.378
MinimumVisualStudioVersion = 10.0.40219.1
Project("{9A19103F-16F7-4668-BE54-9A1E7A4F7556}") = "DCT.EIMS.UnifiedLogin", "DCT.EIMS.UnifiedLogin\DCT.EIMS.UnifiedLogin.csproj", "{E5ABCBD4-51C3-447E-81AC-15E5956279CD}"
EndProject
Project("{FAE04EC0-301F-11D3-BF4B-00C04F79EFBC}") = "ConsumerProduct", "ConsumerProduct\ConsumerProduct.csproj", "{5417BA1E-5A24-4BAC-8515-7E0C8C22D71C}"
EndProject
Project("{FAE04EC0-301F-11D3-BF4B-00C04F79EFBC}") = "DownStreamProduct", "DownStreamProduct\DownStreamProduct.csproj", "{D091CCCA-A79A-4567-89EA-8201CFDA14A1}"
EndProject
Global
	GlobalSection(SolutionConfigurationPlatforms) = preSolution
		Debug|Any CPU = Debug|Any CPU
		Release|Any CPU = Release|Any CPU
	EndGlobalSection
	GlobalSection(ProjectConfigurationPlatforms) = postSolution
		{E5ABCBD4-51C3-447E-81AC-15E5956279CD}.Debug|Any CPU.ActiveCfg = Debug|Any CPU
		{E5ABCBD4-51C3-447E-81AC-15E5956279CD}.Debug|Any CPU.Build.0 = Debug|Any CPU
		{E5ABCBD4-51C3-447E-81AC-15E5956279CD}.Release|Any CPU.ActiveCfg = Release|Any CPU
		{E5ABCBD4-51C3-447E-81AC-15E5956279CD}.Release|Any CPU.Build.0 = Release|Any CPU
		{5417BA1E-5A24-4BAC-8515-7E0C8C22D71C}.Debug|Any CPU.ActiveCfg = Debug|Any CPU
		{5417BA1E-5A24-4BAC-8515-7E0C8C22D71C}.Debug|Any CPU.Build.0 = Debug|Any CPU
		{5417BA1E-5A24-4BAC-8515-7E0C8C22D71C}.Release|Any CPU.ActiveCfg = Release|Any CPU
		{5417BA1E-5A24-4BAC-8515-7E0C8C22D71C}.Release|Any CPU.Build.0 = Release|Any CPU
		{D091CCCA-A79A-4567-89EA-8201CFDA14A1}.Debug|Any CPU.ActiveCfg = Debug|Any CPU
		{D091CCCA-A79A-4567-89EA-8201CFDA14A1}.Debug|Any CPU.Build.0 = Debug|Any CPU
		{D091CCCA-A79A-4567-89EA-8201CFDA14A1}.Release|Any CPU.ActiveCfg = Release|Any CPU
		{D091CCCA-A79A-4567-89EA-8201CFDA14A1}.Release|Any CPU.Build.0 = Release|Any CPU
	EndGlobalSection
	GlobalSection(SolutionProperties) = preSolution
		HideSolutionNode = FALSE
	EndGlobalSection
	GlobalSection(ExtensibilityGlobals) = postSolution
		SolutionGuid = {CA6AFB60-ED62-49CB-AFCD-B239443C6AEA}
	EndGlobalSection
EndGlobal
